github.com/go-akka/configuration v0.0.0-20200606091224-a002c0330665 h1:Iz3aEheYgn+//VX7VisgCmF/wW3BMtXCLbvHV4jMQJA=
github.com/go-akka/configuration v0.0.0-20200606091224-a002c0330665/go.mod h1:19bUnum2ZAeftfwwLZ/wRe7idyfoW2MfmXO464Hrfbw=
github.com/gurkankaymak/hocon v1.2.21 h1:ykr1ptXWc4UfPjY5hT0hbRocLWTRAlVvPt1mYbuU+y4=
github.com/gurkankaymak/hocon v1.2.21/go.mod h1:dQCfhnuDKlLqAZRGhFTd81HkAfMx7STHv0w2JkJ6iq4=
gopkg.in/ini.v1 v1.67.0 h1:Dgnx+6+nfE+IfzjUEISNeydPJh9AXNNsWbGP9KzCsOA=
gopkg.in/ini.v1 v1.67.0/go.mod h1:pNLf8WUiyNEtQjuu5G5vTm06TEv9tsIgeAvK8hOrP4k=
